<?xml version="1.0" encoding="utf-8"?>
<Project ToolsVersion="4.0" xmlns="http://schemas.microsoft.com/developer/msbuild/2003">
  <ItemGroup>
    <Filter Include="Source Files">
      <UniqueIdentifier>{4FC737F1-C7A5-4376-A066-2A32D752A2FF}</UniqueIdentifier>
      <Extensions>cpp;c;cc;cxx;def;odl;idl;hpj;bat;asm;asmx</Extensions>
    </Filter>
    <Filter Include="Header Files">
      <UniqueIdentifier>{93995380-89BD-4b04-88EB-625FBE52EBFB}</UniqueIdentifier>
      <Extensions>h;hh;hpp;hxx;hm;inl;inc;xsd</Extensions>
    </Filter>
    <Filter Include="Resource Files">
      <UniqueIdentifier>{67DA6AB6-F800-4c08-8B7A-83BB121AAD01}</UniqueIdentifier>
      <Extensions>rc;ico;cur;bmp;dlg;rc2;rct;bin;rgs;gif;jpg;jpeg;jpe;resx;tiff;tif;png;wav;mfcribbon-ms</Extensions>
    </Filter>
    <Filter Include="Header Files\EntityComponentHeaders">
      <UniqueIdentifier>{fcadce33-0064-4d0a-b452-81429c513e92}</UniqueIdentifier>
    </Filter>
    <Filter Include="Source Files\EntityComponents">
      <UniqueIdentifier>{929a9623-930c-4643-9cf4-766a846cf85c}</UniqueIdentifier>
    </Filter>
    <Filter Include="Source Files\Physics">
      <UniqueIdentifier>{0c416677-2926-419e-815e-eb7bdeab70e0}</UniqueIdentifier>
    </Filter>
    <Filter Include="Header Files\Physics">
      <UniqueIdentifier>{f1ea1db2-3783-411c-8d6c-0d0b1f24d104}</UniqueIdentifier>
    </Filter>
    <Filter Include="Header Files\EntityHeaders">
      <UniqueIdentifier>{4f841631-2c03-4cc6-bea5-3fdd0eea5bda}</UniqueIdentifier>
    </Filter>
    <Filter Include="Source Files\Entities">
      <UniqueIdentifier>{72755986-b017-4af1-8d3f-016b67399074}</UniqueIdentifier>
    </Filter>
    <Filter Include="Header Files\Enums">
      <UniqueIdentifier>{5379aecf-b417-4d72-bec9-ad8dc26d2c44}</UniqueIdentifier>
    </Filter>
    <Filter Include="Header Files\DataStructures">
      <UniqueIdentifier>{0c184211-2636-40c9-ae34-b8311e961dab}</UniqueIdentifier>
    </Filter>
    <Filter Include="Source Files\DataStructures">
      <UniqueIdentifier>{594c5591-d87f-4355-a516-a87336c5ea85}</UniqueIdentifier>
    </Filter>
    <Filter Include="Source Files\snippetvehiclecommon">
      <UniqueIdentifier>{ac2e6c48-4f0a-467c-9421-b634e72d773c}</UniqueIdentifier>
    </Filter>
    <Filter Include="Header Files\snippetvehiclecommon">
      <UniqueIdentifier>{336a28b4-0c5c-42b7-b57b-e56eea9720ef}</UniqueIdentifier>
    </Filter>
  </ItemGroup>
  <ItemGroup>
    <ClInclude Include="Headers\EnvSpec.h">
      <Filter>Header Files</Filter>
    </ClInclude>
    <ClInclude Include="Headers\ImageReader.h">
      <Filter>Header Files</Filter>
    </ClInclude>
    <ClInclude Include="Headers\Shader.h">
      <Filter>Header Files</Filter>
    </ClInclude>
    <ClInclude Include="Headers\ShaderManager.h">
      <Filter>Header Files</Filter>
    </ClInclude>
    <ClInclude Include="Headers\stdafx.h">
      <Filter>Header Files</Filter>
    </ClInclude>
    <ClInclude Include="Headers\Mesh.h">
      <Filter>Header Files</Filter>
    </ClInclude>
    <ClInclude Include="Headers\InputHandler.h">
      <Filter>Header Files</Filter>
    </ClInclude>
    <ClInclude Include="Headers\Texture.h">
      <Filter>Header Files</Filter>
    </ClInclude>
    <ClInclude Include="Headers\TextureManager.h">
      <Filter>Header Files</Filter>
    </ClInclude>
    <ClInclude Include="Headers\MeshManager.h">
      <Filter>Header Files</Filter>
    </ClInclude>
    <ClInclude Include="Headers\EntityComponentHeaders\EntityComponent.h">
      <Filter>Header Files\EntityComponentHeaders</Filter>
    </ClInclude>
    <ClInclude Include="Headers\EntityManager.h">
      <Filter>Header Files</Filter>
    </ClInclude>
    <ClInclude Include="Headers\EntityComponentHeaders\CameraComponent.h">
      <Filter>Header Files\EntityComponentHeaders</Filter>
    </ClInclude>
    <ClInclude Include="Headers\EntityComponentHeaders\RenderComponent.h">
      <Filter>Header Files\EntityComponentHeaders</Filter>
    </ClInclude>
    <ClInclude Include="Headers\GameTime.h">
      <Filter>Header Files</Filter>
    </ClInclude>
    <ClInclude Include="Headers\EntityComponentHeaders\LightingComponent.h">
      <Filter>Header Files\EntityComponentHeaders</Filter>
    </ClInclude>
    <ClInclude Include="Headers\GameManager.h">
      <Filter>Header Files</Filter>
    </ClInclude>
    <ClInclude Include="Headers\Scene_Loader.h">
      <Filter>Header Files</Filter>
    </ClInclude>
    <ClInclude Include="Headers\stb_image.h">
      <Filter>Header Files</Filter>
    </ClInclude>
    <ClInclude Include="Headers\CommandHandler.h">
      <Filter>Header Files</Filter>
    </ClInclude>
    <ClInclude Include="Headers\EmitterEngine.h">
      <Filter>Header Files</Filter>
    </ClInclude>
    <ClInclude Include="Headers\Emitter.h">
      <Filter>Header Files</Filter>
    </ClInclude>
    <ClInclude Include="Headers\Physics\PhysicsManager.h">
      <Filter>Header Files\Physics</Filter>
    </ClInclude>
    <ClInclude Include="Headers\UserInterface.h">
      <Filter>Header Files</Filter>
    </ClInclude>
    <ClInclude Include="TestClass.h">
      <Filter>Header Files</Filter>
    </ClInclude>
    <ClInclude Include="Headers\EntityComponentHeaders\PhysicsComponent.h">
      <Filter>Header Files\EntityComponentHeaders</Filter>
    </ClInclude>
    <ClInclude Include="Headers\EntityHeaders\Camera.h">
      <Filter>Header Files\EntityHeaders</Filter>
    </ClInclude>
    <ClInclude Include="Headers\EntityHeaders\DirectionalLight.h">
      <Filter>Header Files\EntityHeaders</Filter>
    </ClInclude>
    <ClInclude Include="Headers\EntityHeaders\Entity.h">
      <Filter>Header Files\EntityHeaders</Filter>
    </ClInclude>
    <ClInclude Include="Headers\EntityHeaders\InteractableEntity.h">
      <Filter>Header Files\EntityHeaders</Filter>
    </ClInclude>
    <ClInclude Include="Headers\EntityHeaders\PlayerEntity.h">
      <Filter>Header Files\EntityHeaders</Filter>
    </ClInclude>
    <ClInclude Include="Headers\EntityHeaders\PointLight.h">
      <Filter>Header Files\EntityHeaders</Filter>
    </ClInclude>
    <ClInclude Include="Headers\EntityHeaders\SpotLight.h">
      <Filter>Header Files\EntityHeaders</Filter>
    </ClInclude>
    <ClInclude Include="Headers\EntityHeaders\StaticEntity.h">
      <Filter>Header Files\EntityHeaders</Filter>
    </ClInclude>
    <ClInclude Include="resource.h">
      <Filter>Header Files</Filter>
    </ClInclude>
    <ClInclude Include="Headers\GameStats.h">
      <Filter>Header Files</Filter>
    </ClInclude>
    <ClInclude Include="Headers\Enums\ePlayer.h">
      <Filter>Header Files\Enums</Filter>
    </ClInclude>
    <ClInclude Include="Headers\Enums\eAbility.h">
      <Filter>Header Files\Enums</Filter>
    </ClInclude>
    <ClInclude Include="Headers\Enums\ePowerup.h">
      <Filter>Header Files\Enums</Filter>
    </ClInclude>
    <ClInclude Include="Headers\DataStructures\Bag.h">
      <Filter>Header Files\DataStructures</Filter>
    </ClInclude>
    <ClInclude Include="Headers\snippetvehiclecommon\SnippetVehicleConcurrency.h">
      <Filter>Header Files\snippetvehiclecommon</Filter>
    </ClInclude>
    <ClInclude Include="Headers\snippetvehiclecommon\SnippetVehicleCreate.h">
      <Filter>Header Files\snippetvehiclecommon</Filter>
    </ClInclude>
    <ClInclude Include="Headers\snippetvehiclecommon\SnippetVehicleFilterShader.h">
      <Filter>Header Files\snippetvehiclecommon</Filter>
    </ClInclude>
    <ClInclude Include="Headers\snippetvehiclecommon\SnippetVehicleSceneQuery.h">
      <Filter>Header Files\snippetvehiclecommon</Filter>
    </ClInclude>
    <ClInclude Include="Headers\snippetvehiclecommon\SnippetVehicleTireFriction.h">
      <Filter>Header Files\snippetvehiclecommon</Filter>
    </ClInclude>
    <ClInclude Include="Headers\snippetvehiclecommon\SnippetVehicleWheelQueryResult.h">
      <Filter>Header Files\snippetvehiclecommon</Filter>
    </ClInclude>
  </ItemGroup>
  <ItemGroup>
    <ClCompile Include="Source\ImageReader.cpp">
      <Filter>Source Files</Filter>
    </ClCompile>
    <ClCompile Include="Source\main.cpp">
      <Filter>Source Files</Filter>
    </ClCompile>
    <ClCompile Include="Source\Shader.cpp">
      <Filter>Source Files</Filter>
    </ClCompile>
    <ClCompile Include="Source\ShaderManager.cpp">
      <Filter>Source Files</Filter>
    </ClCompile>
    <ClCompile Include="Source\Mesh.cpp">
      <Filter>Source Files</Filter>
    </ClCompile>
    <ClCompile Include="Source\InputHandler.cpp">
      <Filter>Source Files</Filter>
    </ClCompile>
    <ClCompile Include="Source\Texture.cpp">
      <Filter>Source Files</Filter>
    </ClCompile>
    <ClCompile Include="Source\TextureManager.cpp">
      <Filter>Source Files</Filter>
    </ClCompile>
    <ClCompile Include="Source\MeshManager.cpp">
      <Filter>Source Files</Filter>
    </ClCompile>
    <ClCompile Include="Source\EntityManager.cpp">
      <Filter>Source Files</Filter>
    </ClCompile>
    <ClCompile Include="Source\EntityComponents\EntityComponent.cpp">
      <Filter>Source Files\EntityComponents</Filter>
    </ClCompile>
    <ClCompile Include="Source\EntityComponents\CameraComponent.cpp">
      <Filter>Source Files\EntityComponents</Filter>
    </ClCompile>
    <ClCompile Include="Source\EntityComponents\RenderComponent.cpp">
      <Filter>Source Files\EntityComponents</Filter>
    </ClCompile>
    <ClCompile Include="Source\GameTime.cpp">
      <Filter>Source Files</Filter>
    </ClCompile>
    <ClCompile Include="Source\EntityComponents\LightingComponent.cpp">
      <Filter>Source Files\EntityComponents</Filter>
    </ClCompile>
    <ClCompile Include="Source\GameManager.cpp">
      <Filter>Source Files</Filter>
    </ClCompile>
    <ClCompile Include="Source\Scene_Loader.cpp">
      <Filter>Source Files</Filter>
    </ClCompile>
    <ClCompile Include="Source\CommandHandler.cpp">
      <Filter>Source Files</Filter>
    </ClCompile>
    <ClCompile Include="Source\Physics\PhysicsManager.cpp">
      <Filter>Source Files\Physics</Filter>
    </ClCompile>
    <ClCompile Include="Source\EmitterEngine.cpp">
      <Filter>Source Files</Filter>
    </ClCompile>
    <ClCompile Include="Source\Emitter.cpp">
      <Filter>Source Files</Filter>
    </ClCompile>
    <ClCompile Include="Source\UserInterface.cpp">
      <Filter>Source Files</Filter>
    </ClCompile>
    <ClCompile Include="TestClass.cpp">
      <Filter>Source Files</Filter>
    </ClCompile>
    <ClCompile Include="Source\EntityComponents\PhysicsComponent.cpp">
      <Filter>Source Files\EntityComponents</Filter>
    </ClCompile>
    <ClCompile Include="Source\EntityComponents\EntityComponent.cpp">
      <Filter>Source Files\EntityComponents</Filter>
    </ClCompile>
    <ClCompile Include="Source\Entities\Camera.cpp">
      <Filter>Source Files\Entities</Filter>
    </ClCompile>
    <ClCompile Include="Source\Entities\DirectionalLight.cpp">
      <Filter>Source Files\Entities</Filter>
    </ClCompile>
    <ClCompile Include="Source\Entities\Entity.cpp">
      <Filter>Source Files\Entities</Filter>
    </ClCompile>
    <ClCompile Include="Source\Entities\InteractableEntity.cpp">
      <Filter>Source Files\Entities</Filter>
    </ClCompile>
    <ClCompile Include="Source\Entities\PlayerEntity.cpp">
      <Filter>Source Files\Entities</Filter>
    </ClCompile>
    <ClCompile Include="Source\Entities\PointLight.cpp">
      <Filter>Source Files\Entities</Filter>
    </ClCompile>
    <ClCompile Include="Source\Entities\SpotLight.cpp">
      <Filter>Source Files\Entities</Filter>
    </ClCompile>
    <ClCompile Include="Source\Entities\StaticEntity.cpp">
      <Filter>Source Files\Entities</Filter>
    </ClCompile>
    <ClCompile Include="Source\GameStats.cpp">
      <Filter>Source Files</Filter>
    </ClCompile>
    <ClCompile Include="Source\DataStructures\Bag.cpp">
      <Filter>Source Files\DataStructures</Filter>
    </ClCompile>
    <ClCompile Include="Source\snippetvehiclecommon\SnippetVehicle4WCreate.cpp">
      <Filter>Source Files\snippetvehiclecommon</Filter>
    </ClCompile>
    <ClCompile Include="Source\snippetvehiclecommon\SnippetVehicleCreate.cpp">
      <Filter>Source Files\snippetvehiclecommon</Filter>
    </ClCompile>
    <ClCompile Include="Source\snippetvehiclecommon\SnippetVehicleFilterShader.cpp">
      <Filter>Source Files\snippetvehiclecommon</Filter>
    </ClCompile>
    <ClCompile Include="Source\snippetvehiclecommon\SnippetVehicleNoDriveCreate.cpp">
      <Filter>Source Files\snippetvehiclecommon</Filter>
    </ClCompile>
    <ClCompile Include="Source\snippetvehiclecommon\SnippetVehicleSceneQuery.cpp">
      <Filter>Source Files\snippetvehiclecommon</Filter>
    </ClCompile>
    <ClCompile Include="Source\snippetvehiclecommon\SnippetVehicleTankCreate.cpp">
      <Filter>Source Files\snippetvehiclecommon</Filter>
    </ClCompile>
    <ClCompile Include="Source\snippetvehiclecommon\SnippetVehicleTireFriction.cpp">
      <Filter>Source Files\snippetvehiclecommon</Filter>
    </ClCompile>
  </ItemGroup>
  <ItemGroup>
    <ResourceCompile Include="Renderer.rc">
      <Filter>Resource Files</Filter>
    </ResourceCompile>
  </ItemGroup>
</Project>