<?xml version="1.0" encoding="utf-8"?>
<Project ToolsVersion="4.0" xmlns="http://schemas.microsoft.com/developer/msbuild/2003">
  <ItemGroup>
    <ClCompile Include="Source\ArtificialIntelligence\AIManager.cpp" />
    <ClCompile Include="Source\DataStructures\Bag.cpp" />
    <ClCompile Include="Source\Emitter.cpp" />
    <ClCompile Include="Source\EmitterEngine.cpp" />
    <ClCompile Include="Source\Entities\Camera.cpp" />
    <ClCompile Include="Source\Entities\DirectionalLight.cpp" />
    <ClCompile Include="Source\Entities\Entity.cpp" />
    <ClCompile Include="Source\Entities\FlameTrail.cpp" />
    <ClCompile Include="Source\Entities\HovercraftEntity.cpp" />
    <ClCompile Include="Source\Entities\InteractableEntity.cpp" />
    <ClCompile Include="Source\Entities\PointLight.cpp" />
    <ClCompile Include="Source\Entities\Rocket.cpp" />
    <ClCompile Include="Source\Entities\SpotLight.cpp" />
    <ClCompile Include="Source\Entities\StaticEntity.cpp" />
    <ClCompile Include="Source\EntityComponents\AIComponent.cpp" />
    <ClCompile Include="Source\EntityComponents\AnimationComponent.cpp" />
    <ClCompile Include="Source\EntityComponents\CameraComponent.cpp" />
    <ClCompile Include="Source\EntityComponents\EntityComponent.cpp" />
    <ClCompile Include="Source\EntityComponents\LightingComponent.cpp" />
    <ClCompile Include="Source\EntityComponents\PhysicsComponent.cpp" />
    <ClCompile Include="Source\EntityComponents\RenderComponent.cpp" />
    <ClCompile Include="Source\EntityManager.cpp" />
    <ClCompile Include="Source\GameManager.cpp" />
    <ClCompile Include="Source\GameStats.cpp" />
    <ClCompile Include="Source\GameTime.cpp" />
    <ClCompile Include="Source\ImageReader.cpp" />
    <ClCompile Include="Source\InputHandler.cpp" />
    <ClCompile Include="Source\main.cpp" />
    <ClCompile Include="Source\Menus\AwardsMenu.cpp" />
    <ClCompile Include="Source\Menus\ControlsMenu.cpp" />
    <ClCompile Include="Source\Menus\EndMenu.cpp" />
    <ClCompile Include="Source\Menus\GameMenu.cpp" />
    <ClCompile Include="Source\Menus\LoadingMenu.cpp" />
    <ClCompile Include="Source\Menus\MainMenu.cpp" />
    <ClCompile Include="Source\Menus\Menu.cpp" />
    <ClCompile Include="Source\Menus\PauseMenu.cpp" />
    <ClCompile Include="Source\Menus\PostgameMenu.cpp" />
    <ClCompile Include="Source\Menus\PregameMenu.cpp" />
    <ClCompile Include="Source\Menus\PromptMenu.cpp" />
    <ClCompile Include="Source\Menus\RulesMenu.cpp" />
    <ClCompile Include="Source\Menus\SettingsMenu.cpp" />
    <ClCompile Include="Source\Menus\StartMenu.cpp" />
    <ClCompile Include="Source\Mesh.cpp" />
    <ClCompile Include="Source\MeshManager.cpp" />
    <ClCompile Include="Source\Physics\PhysicsCallBack.cpp" />
    <ClCompile Include="Source\Physics\PhysicsManager.cpp" />
    <ClCompile Include="Source\SceneLoader.cpp" />
    <ClCompile Include="Source\Shader.cpp" />
    <ClCompile Include="Source\ShaderManager.cpp" />
    <ClCompile Include="Source\snippetvehiclecommon\SnippetVehicle4WCreate.cpp" />
    <ClCompile Include="Source\snippetvehiclecommon\SnippetVehicleCreate.cpp" />
    <ClCompile Include="Source\snippetvehiclecommon\SnippetVehicleFilterShader.cpp" />
    <ClCompile Include="Source\snippetvehiclecommon\SnippetVehicleNoDriveCreate.cpp" />
    <ClCompile Include="Source\snippetvehiclecommon\SnippetVehicleSceneQuery.cpp" />
    <ClCompile Include="Source\snippetvehiclecommon\SnippetVehicleTankCreate.cpp" />
    <ClCompile Include="Source\snippetvehiclecommon\SnippetVehicleTireFriction.cpp" />
    <ClCompile Include="Source\SoundManager.cpp" />
    <ClCompile Include="Source\SpatialDataMap.cpp" />
    <ClCompile Include="Source\Texture.cpp" />
    <ClCompile Include="Source\TextureManager.cpp" />
    <ClCompile Include="Source\UserInterface\AwardsInterface.cpp" />
    <ClCompile Include="Source\UserInterface\ControlsInterface.cpp" />
    <ClCompile Include="Source\UserInterface\GameInterface.cpp" />
    <ClCompile Include="Source\UserInterface\LoadingInterface.cpp" />
    <ClCompile Include="Source\UserInterface\MainInterface.cpp" />
    <ClCompile Include="Source\UserInterface\PauseInterface.cpp" />
    <ClCompile Include="Source\UserInterface\PostgameInterface.cpp" />
    <ClCompile Include="Source\UserInterface\PregameInterface.cpp" />
    <ClCompile Include="Source\UserInterface\RulesInterface.cpp" />
    <ClCompile Include="Source\UserInterface\StartInterface.cpp" />
    <ClCompile Include="Source\UserInterface\UserInterface.cpp" />
    <ClCompile Include="Source\Utils\FuncUtils.cpp" />
    <ClCompile Include="Source\UserInterface\PromptInterface.cpp" />
    <ClCompile Include="Source\Menus\MenuManager.cpp" />
    <ClCompile Include="Source\UserInterface\SettingsInterface.cpp" />
  </ItemGroup>
  <ItemGroup>
    <ClInclude Include="Headers\Anim_Track.h" />
    <ClInclude Include="Headers\ArtificialIntelligence\AIManager.h" />
    <ClInclude Include="Headers\BoidEngine.h" />
    <ClInclude Include="Headers\DataStructures\Bag.h" />
    <ClInclude Include="Headers\DataStructures\ObjectInfo.h" />
    <ClInclude Include="Headers\DataStructures\SpriteSheetDatabase.h" />
    <ClInclude Include="Headers\Emitter.h" />
    <ClInclude Include="Headers\EmitterEngine.h" />
    <ClInclude Include="Headers\EntityComponentHeaders\AIComponent.h" />
    <ClInclude Include="Headers\EntityComponentHeaders\AnimationComponent.h" />
    <ClInclude Include="Headers\EntityComponentHeaders\CameraComponent.h" />
    <ClInclude Include="Headers\EntityComponentHeaders\EntityComponent.h" />
    <ClInclude Include="Headers\EntityComponentHeaders\LightingComponent.h" />
    <ClInclude Include="Headers\EntityComponentHeaders\PhysicsComponent.h" />
    <ClInclude Include="Headers\EntityComponentHeaders\RenderComponent.h" />
    <ClInclude Include="Headers\EntityHeaders\Camera.h" />
    <ClInclude Include="Headers\EntityHeaders\DirectionalLight.h" />
    <ClInclude Include="Headers\EntityHeaders\Entity.h" />
    <ClInclude Include="Headers\EntityHeaders\FlameTrail.h" />
    <ClInclude Include="Headers\EntityHeaders\HovercraftEntity.h" />
    <ClInclude Include="Headers\EntityHeaders\InteractableEntity.h" />
    <ClInclude Include="Headers\EntityHeaders\PointLight.h" />
    <ClInclude Include="Headers\EntityHeaders\Rocket.h" />
    <ClInclude Include="Headers\EntityHeaders\SpotLight.h" />
    <ClInclude Include="Headers\EntityHeaders\StaticEntity.h" />
    <ClInclude Include="Headers\EntityManager.h" />
    <ClInclude Include="Headers\Enums\eAbility.h" />
    <ClInclude Include="Headers\Enums\eAIType.h" />
    <ClInclude Include="Headers\Enums\eBoundingBoxTypes.h" />
    <ClInclude Include="Headers\Enums\eCooldown.h" />
    <ClInclude Include="Headers\Enums\eEntityTypes.h" />
    <ClInclude Include="Headers\Enums\eFixedCommand.h" />
    <ClInclude Include="Headers\Enums\eJoyStickMaps.h" />
    <ClInclude Include="Headers\Enums\ePlayer.h" />
    <ClInclude Include="Headers\Enums\ePowerup.h" />
    <ClInclude Include="Headers\Enums\eVariableCommand.h" />
    <ClInclude Include="Headers\GameManager.h" />
    <ClInclude Include="Headers\GameStats.h" />
    <ClInclude Include="Headers\GameTime.h" />
    <ClInclude Include="Headers\ImageReader.h" />
    <ClInclude Include="Headers\InputHandler.h" />
    <ClInclude Include="Headers\Menus\AwardsMenu.h" />
    <ClInclude Include="Headers\Menus\ControlsMenu.h" />
    <ClInclude Include="Headers\Menus\EndMenu.h" />
    <ClInclude Include="Headers\Menus\GameMenu.h" />
    <ClInclude Include="Headers\Menus\LoadingMenu.h" />
    <ClInclude Include="Headers\Menus\MainMenu.h" />
    <ClInclude Include="Headers\Menus\Menu.h" />
    <ClInclude Include="Headers\Menus\PauseMenu.h" />
    <ClInclude Include="Headers\Menus\PostgameMenu.h" />
    <ClInclude Include="Headers\Menus\PregameMenu.h" />
    <ClInclude Include="Headers\Menus\PromptMenu.h" />
    <ClInclude Include="Headers\Menus\RulesMenu.h" />
    <ClInclude Include="Headers\Menus\SettingsMenu.h" />
    <ClInclude Include="Headers\Menus\StartMenu.h" />
    <ClInclude Include="Headers\Mesh.h" />
    <ClInclude Include="Headers\MeshManager.h" />
    <ClInclude Include="Headers\Physics\PhysicsCallBack.h" />
    <ClInclude Include="Headers\Physics\PhysicsManager.h" />
    <ClInclude Include="Headers\SceneLoader.h" />
    <ClInclude Include="Headers\Shader.h" />
    <ClInclude Include="Headers\ShaderManager.h" />
    <ClInclude Include="Headers\snippetvehiclecommon\SnippetVehicleConcurrency.h" />
    <ClInclude Include="Headers\snippetvehiclecommon\SnippetVehicleCreate.h" />
    <ClInclude Include="Headers\snippetvehiclecommon\SnippetVehicleFilterShader.h" />
    <ClInclude Include="Headers\snippetvehiclecommon\SnippetVehicleSceneQuery.h" />
    <ClInclude Include="Headers\snippetvehiclecommon\SnippetVehicleTireFriction.h" />
    <ClInclude Include="Headers\snippetvehiclecommon\SnippetVehicleWheelQueryResult.h" />
    <ClInclude Include="Headers\SoundManager.h" />
    <ClInclude Include="Headers\SpatialDataMap.h" />
    <ClInclude Include="Headers\stdafx.h" />
    <ClInclude Include="Headers\Texture.h" />
    <ClInclude Include="Headers\TextureManager.h" />
    <ClInclude Include="Headers\UserInterface\AwardsInterface.h" />
    <ClInclude Include="Headers\UserInterface\ControlsInterface.h" />
    <ClInclude Include="Headers\UserInterface\GameInterface.h" />
    <ClInclude Include="Headers\UserInterface\LoadingInterface.h" />
    <ClInclude Include="Headers\UserInterface\MainInterface.h" />
    <ClInclude Include="Headers\UserInterface\PauseInterface.h" />
    <ClInclude Include="Headers\UserInterface\PostgameInterface.h" />
    <ClInclude Include="Headers\UserInterface\PregameInterface.h" />
    <ClInclude Include="Headers\UserInterface\RulesInterface.h" />
    <ClInclude Include="Headers\UserInterface\StartInterface.h" />
    <ClInclude Include="Headers\UserInterface\UserInterface.h" />
    <ClInclude Include="Headers\Utils\FuncUtils.h" />
    <ClInclude Include="Headers\UserInterface\PromptInterface.h" />
    <ClInclude Include="Headers\Menus\MenuManager.h" />
    <ClInclude Include="Headers\UserInterface\SettingsInterface.h" />
    <ClInclude Include="Headers\Menus\EndgameMenu.h" />
    <ClInclude Include="Headers\UserInterface\EndgameInterface.h" />
  </ItemGroup>
  <ItemGroup>
    <None Include=".editorconfig" />
  </ItemGroup>
</Project>